Microsoft Visual Studio Solution File, Format Version 11.00
# Visual Studio 2008

Project("{344EE0BD-FCA2-5F07-E14B-3F0A7CFD5A53}") = "z_game", "Assembly-CSharp-firstpass.csproj", "{9B391255-B93E-71E4-F4FA-6145B53BB07D}"
EndProject
Project("{344EE0BD-FCA2-5F07-E14B-3F0A7CFD5A53}") = "z_game", "Assembly-CSharp.csproj", "{2CE4A530-5304-A92F-783A-2200687A60AD}"
EndProject
Project("{344EE0BD-FCA2-5F07-E14B-3F0A7CFD5A53}") = "z_game", "Assembly-CSharp-Editor.csproj", "{8D5E4FDF-3133-2E59-F7A5-5F32518B4C20}"
EndProject
Project("{344EE0BD-FCA2-5F07-E14B-3F0A7CFD5A53}") = "z_game", "Assembly-UnityScript-firstpass.unityproj", "{2B509578-3BC4-39AB-B182-DA32B7E8C694}"
EndProject
Project("{344EE0BD-FCA2-5F07-E14B-3F0A7CFD5A53}") = "z_game", "Assembly-UnityScript.unityproj", "{CFDE6FD0-1D18-C37D-BB07-B448E5C55005}"
EndProject
Global
	GlobalSection(SolutionConfigurationPlatforms) = preSolution
		Debug|Any CPU = Debug|Any CPU
		Release|Any CPU = Release|Any CPU
	EndGlobalSection
	GlobalSection(ProjectConfigurationPlatforms) = postSolution
		{9B391255-B93E-71E4-F4FA-6145B53BB07D}.Debug|Any CPU.ActiveCfg = Debug|Any CPU
		{9B391255-B93E-71E4-F4FA-6145B53BB07D}.Debug|Any CPU.Build.0 = Debug|Any CPU
		{9B391255-B93E-71E4-F4FA-6145B53BB07D}.Release|Any CPU.ActiveCfg = Release|Any CPU
		{9B391255-B93E-71E4-F4FA-6145B53BB07D}.Release|Any CPU.Build.0 = Release|Any CPU
		{2CE4A530-5304-A92F-783A-2200687A60AD}.Debug|Any CPU.ActiveCfg = Debug|Any CPU
		{2CE4A530-5304-A92F-783A-2200687A60AD}.Debug|Any CPU.Build.0 = Debug|Any CPU
		{2CE4A530-5304-A92F-783A-2200687A60AD}.Release|Any CPU.ActiveCfg = Release|Any CPU
		{2CE4A530-5304-A92F-783A-2200687A60AD}.Release|Any CPU.Build.0 = Release|Any CPU
		{8D5E4FDF-3133-2E59-F7A5-5F32518B4C20}.Debug|Any CPU.ActiveCfg = Debug|Any CPU
		{8D5E4FDF-3133-2E59-F7A5-5F32518B4C20}.Debug|Any CPU.Build.0 = Debug|Any CPU
		{8D5E4FDF-3133-2E59-F7A5-5F32518B4C20}.Release|Any CPU.ActiveCfg = Release|Any CPU
		{8D5E4FDF-3133-2E59-F7A5-5F32518B4C20}.Release|Any CPU.Build.0 = Release|Any CPU
		{2B509578-3BC4-39AB-B182-DA32B7E8C694}.Debug|Any CPU.ActiveCfg = Debug|Any CPU
		{2B509578-3BC4-39AB-B182-DA32B7E8C694}.Debug|Any CPU.Build.0 = Debug|Any CPU
		{2B509578-3BC4-39AB-B182-DA32B7E8C694}.Release|Any CPU.ActiveCfg = Release|Any CPU
		{2B509578-3BC4-39AB-B182-DA32B7E8C694}.Release|Any CPU.Build.0 = Release|Any CPU
		{CFDE6FD0-1D18-C37D-BB07-B448E5C55005}.Debug|Any CPU.ActiveCfg = Debug|Any CPU
		{CFDE6FD0-1D18-C37D-BB07-B448E5C55005}.Debug|Any CPU.Build.0 = Debug|Any CPU
		{CFDE6FD0-1D18-C37D-BB07-B448E5C55005}.Release|Any CPU.ActiveCfg = Release|Any CPU
		{CFDE6FD0-1D18-C37D-BB07-B448E5C55005}.Release|Any CPU.Build.0 = Release|Any CPU
	EndGlobalSection
	GlobalSection(SolutionProperties) = preSolution
		HideSolutionNode = FALSE
	EndGlobalSection
																																							GlobalSection(MonoDevelopProperties) = preSolution
		StartupItem = Assembly-CSharp.csproj
		Policies = $0
		$0.TextStylePolicy = $1
		$1.inheritsSet = null
		$1.scope = text/x-csharp
		$0.CSharpFormattingPolicy = $2
		$2.inheritsSet = Mono
		$2.inheritsScope = text/x-csharp
		$2.scope = text/x-csharp
		$0.TextStylePolicy = $3
		$3.FileWidth = 120
		$3.TabWidth = 4
		$3.EolMarker = Unix
		$3.inheritsSet = Mono
		$3.inheritsScope = text/plain
		$3.scope = text/plain
	EndGlobalSection

EndGlobal
